// !$*UTF8*$!
{
	archiveVersion = 1;
	classes = {
	};
	objectVersion = 50;
	objects = {

/* Begin PBXBuildFile section */
		9F2E645D20BC1FC1009FD015 /* XLVideoCore.h in CopyFiles */ = {isa = PBXBuildFile; fileRef = 9F2E645A20BC1FC1009FD015 /* XLVideoCore.h */; };
		9F2E649320BC21AF009FD015 /* tinyxml2.cpp in Sources */ = {isa = PBXBuildFile; fileRef = 9F2E649120BC21AF009FD015 /* tinyxml2.cpp */; };
		9F2E649620BC223D009FD015 /* XLScene.m in Sources */ = {isa = PBXBuildFile; fileRef = 9F2E649520BC223D009FD015 /* XLScene.m */; };
		9F2E649920BC229B009FD015 /* XLVideoEditor.m in Sources */ = {isa = PBXBuildFile; fileRef = 9F2E649820BC229B009FD015 /* XLVideoEditor.m */; };
		9F2E649C20BC22B7009FD015 /* XLVideoCompositor.m in Sources */ = {isa = PBXBuildFile; fileRef = 9F2E649B20BC22B7009FD015 /* XLVideoCompositor.m */; };
		9F2E64A220BC22DF009FD015 /* XLGLRendererComposition.mm in Sources */ = {isa = PBXBuildFile; fileRef = 9F2E64A120BC22DF009FD015 /* XLGLRendererComposition.mm */; };
		9F2E64A520BC22F7009FD015 /* XLTexturePool.m in Sources */ = {isa = PBXBuildFile; fileRef = 9F2E64A420BC22F7009FD015 /* XLTexturePool.m */; };
		9F2E64C820BC6AE3009FD015 /* ksMatrix.c in Sources */ = {isa = PBXBuildFile; fileRef = 9F2E64B020BC6AE2009FD015 /* ksMatrix.c */; };
		9F2E64C920BC6AE3009FD015 /* ksVector.c in Sources */ = {isa = PBXBuildFile; fileRef = 9F2E64B320BC6AE2009FD015 /* ksVector.c */; };
		9F2E64CA20BC6AE3009FD015 /* Particle.cpp in Sources */ = {isa = PBXBuildFile; fileRef = 9F2E64B520BC6AE3009FD015 /* Particle.cpp */; };
		9F2E64CB20BC6AE3009FD015 /* Math.cpp in Sources */ = {isa = PBXBuildFile; fileRef = 9F2E64B820BC6AE3009FD015 /* Math.cpp */; };
		9F2E64CC20BC6AE3009FD015 /* Random.cpp in Sources */ = {isa = PBXBuildFile; fileRef = 9F2E64B920BC6AE3009FD015 /* Random.cpp */; };
		9F2E64CD20BC6AE3009FD015 /* ParticleSystem.cpp in Sources */ = {isa = PBXBuildFile; fileRef = 9F2E64BA20BC6AE3009FD015 /* ParticleSystem.cpp */; };
		9F2E64CE20BC6AE3009FD015 /* ParticleEffect.cpp in Sources */ = {isa = PBXBuildFile; fileRef = 9F2E64BD20BC6AE3009FD015 /* ParticleEffect.cpp */; };
		9F2E64CF20BC6AE3009FD015 /* TextureManager.mm in Sources */ = {isa = PBXBuildFile; fileRef = 9F2E64BF20BC6AE3009FD015 /* TextureManager.mm */; };
		9F2E64D020BC6AE3009FD015 /* ParticleMemory.cpp in Sources */ = {isa = PBXBuildFile; fileRef = 9F2E64C520BC6AE3009FD015 /* ParticleMemory.cpp */; };
		9F2E64D120BC6AE3009FD015 /* ParticleEmitter.cpp in Sources */ = {isa = PBXBuildFile; fileRef = 9F2E64C720BC6AE3009FD015 /* ParticleEmitter.cpp */; };
		9F2E64EE20BCE017009FD015 /* XLVideoCompositorInstruction.m in Sources */ = {isa = PBXBuildFile; fileRef = 9F2E64ED20BCE017009FD015 /* XLVideoCompositorInstruction.m */; };
		9FE41D4720BF972E00C4DAB2 /* XLGLContext.m in Sources */ = {isa = PBXBuildFile; fileRef = 9FE41D4620BF972E00C4DAB2 /* XLGLContext.m */; };
		9FE41D4A20BF97C300C4DAB2 /* XLGLProgram.m in Sources */ = {isa = PBXBuildFile; fileRef = 9FE41D4920BF97C300C4DAB2 /* XLGLProgram.m */; };
		9FE41D4D20BF9D8000C4DAB2 /* XLGLRendererMain.m in Sources */ = {isa = PBXBuildFile; fileRef = 9FE41D4C20BF9D8000C4DAB2 /* XLGLRendererMain.m */; };
		9FE41D5020BF9DE100C4DAB2 /* XLGLRendererTransitionMask.m in Sources */ = {isa = PBXBuildFile; fileRef = 9FE41D4F20BF9DE100C4DAB2 /* XLGLRendererTransitionMask.m */; };
		9FE41D5320BF9E0B00C4DAB2 /* XLGLRendererTransitionSimple.m in Sources */ = {isa = PBXBuildFile; fileRef = 9FE41D5220BF9E0B00C4DAB2 /* XLGLRendererTransitionSimple.m */; };
		9FE41D5620BF9E6100C4DAB2 /* XLGLRendererParticle.m in Sources */ = {isa = PBXBuildFile; fileRef = 9FE41D5520BF9E6100C4DAB2 /* XLGLRendererParticle.m */; };
		9FE41D6120BFCE6E00C4DAB2 /* fishhook.c in Sources */ = {isa = PBXBuildFile; fileRef = 9FE41D5C20BFCE6E00C4DAB2 /* fishhook.c */; };
		9FE41D6220BFCE6E00C4DAB2 /* SDAVAssetExportSession.m in Sources */ = {isa = PBXBuildFile; fileRef = 9FE41D5F20BFCE6E00C4DAB2 /* SDAVAssetExportSession.m */; };
		9FE41D7C20C015CF00C4DAB2 /* XLGLFramebuffer.m in Sources */ = {isa = PBXBuildFile; fileRef = 9FE41D7B20C015CF00C4DAB2 /* XLGLFramebuffer.m */; };
/* End PBXBuildFile section */

/* Begin PBXCopyFilesBuildPhase section */
		9F2E645520BC1FC1009FD015 /* CopyFiles */ = {
			isa = PBXCopyFilesBuildPhase;
			buildActionMask = 2147483647;
			dstPath = "include/$(PRODUCT_NAME)";
			dstSubfolderSpec = 16;
			files = (
				9F2E645D20BC1FC1009FD015 /* XLVideoCore.h in CopyFiles */,
			);
			runOnlyForDeploymentPostprocessing = 0;
		};
/* End PBXCopyFilesBuildPhase section */

/* Begin PBXFileReference section */
		9F2E645720BC1FC1009FD015 /* libXLVideoCore.a */ = {isa = PBXFileReference; explicitFileType = archive.ar; includeInIndex = 0; path = libXLVideoCore.a; sourceTree = BUILT_PRODUCTS_DIR; };
		9F2E645A20BC1FC1009FD015 /* XLVideoCore.h */ = {isa = PBXFileReference; lastKnownFileType = sourcecode.c.h; path = XLVideoCore.h; sourceTree = "<group>"; };
		9F2E649120BC21AF009FD015 /* tinyxml2.cpp */ = {isa = PBXFileReference; fileEncoding = 4; lastKnownFileType = sourcecode.cpp.cpp; path = tinyxml2.cpp; sourceTree = "<group>"; };
		9F2E649220BC21AF009FD015 /* tinyxml2.h */ = {isa = PBXFileReference; fileEncoding = 4; lastKnownFileType = sourcecode.c.h; path = tinyxml2.h; sourceTree = "<group>"; };
		9F2E649420BC223D009FD015 /* XLScene.h */ = {isa = PBXFileReference; lastKnownFileType = sourcecode.c.h; path = XLScene.h; sourceTree = "<group>"; };
		9F2E649520BC223D009FD015 /* XLScene.m */ = {isa = PBXFileReference; lastKnownFileType = sourcecode.c.objc; path = XLScene.m; sourceTree = "<group>"; };
		9F2E649720BC229B009FD015 /* XLVideoEditor.h */ = {isa = PBXFileReference; lastKnownFileType = sourcecode.c.h; path = XLVideoEditor.h; sourceTree = "<group>"; };
		9F2E649820BC229B009FD015 /* XLVideoEditor.m */ = {isa = PBXFileReference; lastKnownFileType = sourcecode.c.objc; path = XLVideoEditor.m; sourceTree = "<group>"; };
		9F2E649A20BC22B7009FD015 /* XLVideoCompositor.h */ = {isa = PBXFileReference; lastKnownFileType = sourcecode.c.h; path = XLVideoCompositor.h; sourceTree = "<group>"; };
		9F2E649B20BC22B7009FD015 /* XLVideoCompositor.m */ = {isa = PBXFileReference; lastKnownFileType = sourcecode.c.objc; path = XLVideoCompositor.m; sourceTree = "<group>"; };
		9F2E64A020BC22DF009FD015 /* XLGLRendererComposition.h */ = {isa = PBXFileReference; lastKnownFileType = sourcecode.c.h; path = XLGLRendererComposition.h; sourceTree = "<group>"; };
		9F2E64A120BC22DF009FD015 /* XLGLRendererComposition.mm */ = {isa = PBXFileReference; lastKnownFileType = sourcecode.cpp.objcpp; path = XLGLRendererComposition.mm; sourceTree = "<group>"; };
		9F2E64A320BC22F7009FD015 /* XLTexturePool.h */ = {isa = PBXFileReference; lastKnownFileType = sourcecode.c.h; path = XLTexturePool.h; sourceTree = "<group>"; };
		9F2E64A420BC22F7009FD015 /* XLTexturePool.m */ = {isa = PBXFileReference; lastKnownFileType = sourcecode.c.objc; path = XLTexturePool.m; sourceTree = "<group>"; };
		9F2E64B020BC6AE2009FD015 /* ksMatrix.c */ = {isa = PBXFileReference; fileEncoding = 4; lastKnownFileType = sourcecode.c.c; path = ksMatrix.c; sourceTree = "<group>"; };
		9F2E64B120BC6AE2009FD015 /* ksVector.h */ = {isa = PBXFileReference; fileEncoding = 4; lastKnownFileType = sourcecode.c.h; path = ksVector.h; sourceTree = "<group>"; };
		9F2E64B220BC6AE2009FD015 /* ksMatrix.h */ = {isa = PBXFileReference; fileEncoding = 4; lastKnownFileType = sourcecode.c.h; path = ksMatrix.h; sourceTree = "<group>"; };
		9F2E64B320BC6AE2009FD015 /* ksVector.c */ = {isa = PBXFileReference; fileEncoding = 4; lastKnownFileType = sourcecode.c.c; path = ksVector.c; sourceTree = "<group>"; };
		9F2E64B520BC6AE3009FD015 /* Particle.cpp */ = {isa = PBXFileReference; fileEncoding = 4; lastKnownFileType = sourcecode.cpp.cpp; path = Particle.cpp; sourceTree = "<group>"; };
		9F2E64B620BC6AE3009FD015 /* ParticleSystem.h */ = {isa = PBXFileReference; fileEncoding = 4; lastKnownFileType = sourcecode.c.h; path = ParticleSystem.h; sourceTree = "<group>"; };
		9F2E64B720BC6AE3009FD015 /* ParticleEffect.h */ = {isa = PBXFileReference; fileEncoding = 4; lastKnownFileType = sourcecode.c.h; path = ParticleEffect.h; sourceTree = "<group>"; };
		9F2E64B820BC6AE3009FD015 /* Math.cpp */ = {isa = PBXFileReference; fileEncoding = 4; lastKnownFileType = sourcecode.cpp.cpp; path = Math.cpp; sourceTree = "<group>"; };
		9F2E64B920BC6AE3009FD015 /* Random.cpp */ = {isa = PBXFileReference; fileEncoding = 4; lastKnownFileType = sourcecode.cpp.cpp; path = Random.cpp; sourceTree = "<group>"; };
		9F2E64BA20BC6AE3009FD015 /* ParticleSystem.cpp */ = {isa = PBXFileReference; fileEncoding = 4; lastKnownFileType = sourcecode.cpp.cpp; path = ParticleSystem.cpp; sourceTree = "<group>"; };
		9F2E64BB20BC6AE3009FD015 /* Renderer.h */ = {isa = PBXFileReference; fileEncoding = 4; lastKnownFileType = sourcecode.c.h; path = Renderer.h; sourceTree = "<group>"; };
		9F2E64BC20BC6AE3009FD015 /* ParticleMemory.h */ = {isa = PBXFileReference; fileEncoding = 4; lastKnownFileType = sourcecode.c.h; path = ParticleMemory.h; sourceTree = "<group>"; };
		9F2E64BD20BC6AE3009FD015 /* ParticleEffect.cpp */ = {isa = PBXFileReference; fileEncoding = 4; lastKnownFileType = sourcecode.cpp.cpp; path = ParticleEffect.cpp; sourceTree = "<group>"; };
		9F2E64BE20BC6AE3009FD015 /* TextureManager.hpp */ = {isa = PBXFileReference; fileEncoding = 4; lastKnownFileType = sourcecode.cpp.h; path = TextureManager.hpp; sourceTree = "<group>"; };
		9F2E64BF20BC6AE3009FD015 /* TextureManager.mm */ = {isa = PBXFileReference; fileEncoding = 4; lastKnownFileType = sourcecode.cpp.objcpp; path = TextureManager.mm; sourceTree = "<group>"; };
		9F2E64C020BC6AE3009FD015 /* ParticleEmitter.h */ = {isa = PBXFileReference; fileEncoding = 4; lastKnownFileType = sourcecode.c.h; path = ParticleEmitter.h; sourceTree = "<group>"; };
		9F2E64C120BC6AE3009FD015 /* Common.h */ = {isa = PBXFileReference; fileEncoding = 4; lastKnownFileType = sourcecode.c.h; path = Common.h; sourceTree = "<group>"; };
		9F2E64C220BC6AE3009FD015 /* Particle.h */ = {isa = PBXFileReference; fileEncoding = 4; lastKnownFileType = sourcecode.c.h; path = Particle.h; sourceTree = "<group>"; };
		9F2E64C320BC6AE3009FD015 /* Math.h */ = {isa = PBXFileReference; fileEncoding = 4; lastKnownFileType = sourcecode.c.h; path = Math.h; sourceTree = "<group>"; };
		9F2E64C420BC6AE3009FD015 /* ParticleDescription.h */ = {isa = PBXFileReference; fileEncoding = 4; lastKnownFileType = sourcecode.c.h; path = ParticleDescription.h; sourceTree = "<group>"; };
		9F2E64C520BC6AE3009FD015 /* ParticleMemory.cpp */ = {isa = PBXFileReference; fileEncoding = 4; lastKnownFileType = sourcecode.cpp.cpp; path = ParticleMemory.cpp; sourceTree = "<group>"; };
		9F2E64C620BC6AE3009FD015 /* Random.h */ = {isa = PBXFileReference; fileEncoding = 4; lastKnownFileType = sourcecode.c.h; path = Random.h; sourceTree = "<group>"; };
		9F2E64C720BC6AE3009FD015 /* ParticleEmitter.cpp */ = {isa = PBXFileReference; fileEncoding = 4; lastKnownFileType = sourcecode.cpp.cpp; path = ParticleEmitter.cpp; sourceTree = "<group>"; };
		9F2E64DB20BC6E8D009FD015 /* libc++.tbd */ = {isa = PBXFileReference; lastKnownFileType = "sourcecode.text-based-dylib-definition"; name = "libc++.tbd"; path = "usr/lib/libc++.tbd"; sourceTree = SDKROOT; };
		9F2E64EC20BCE017009FD015 /* XLVideoCompositorInstruction.h */ = {isa = PBXFileReference; lastKnownFileType = sourcecode.c.h; path = XLVideoCompositorInstruction.h; sourceTree = "<group>"; };
		9F2E64ED20BCE017009FD015 /* XLVideoCompositorInstruction.m */ = {isa = PBXFileReference; lastKnownFileType = sourcecode.c.objc; path = XLVideoCompositorInstruction.m; sourceTree = "<group>"; };
		9FE41D4520BF972E00C4DAB2 /* XLGLContext.h */ = {isa = PBXFileReference; lastKnownFileType = sourcecode.c.h; path = XLGLContext.h; sourceTree = "<group>"; };
		9FE41D4620BF972E00C4DAB2 /* XLGLContext.m */ = {isa = PBXFileReference; lastKnownFileType = sourcecode.c.objc; path = XLGLContext.m; sourceTree = "<group>"; };
		9FE41D4820BF97C300C4DAB2 /* XLGLProgram.h */ = {isa = PBXFileReference; lastKnownFileType = sourcecode.c.h; path = XLGLProgram.h; sourceTree = "<group>"; };
		9FE41D4920BF97C300C4DAB2 /* XLGLProgram.m */ = {isa = PBXFileReference; lastKnownFileType = sourcecode.c.objc; path = XLGLProgram.m; sourceTree = "<group>"; };
		9FE41D4B20BF9D8000C4DAB2 /* XLGLRendererMain.h */ = {isa = PBXFileReference; lastKnownFileType = sourcecode.c.h; path = XLGLRendererMain.h; sourceTree = "<group>"; };
		9FE41D4C20BF9D8000C4DAB2 /* XLGLRendererMain.m */ = {isa = PBXFileReference; lastKnownFileType = sourcecode.c.objc; path = XLGLRendererMain.m; sourceTree = "<group>"; };
		9FE41D4E20BF9DE100C4DAB2 /* XLGLRendererTransitionMask.h */ = {isa = PBXFileReference; lastKnownFileType = sourcecode.c.h; path = XLGLRendererTransitionMask.h; sourceTree = "<group>"; };
		9FE41D4F20BF9DE100C4DAB2 /* XLGLRendererTransitionMask.m */ = {isa = PBXFileReference; lastKnownFileType = sourcecode.c.objc; path = XLGLRendererTransitionMask.m; sourceTree = "<group>"; };
		9FE41D5120BF9E0B00C4DAB2 /* XLGLRendererTransitionSimple.h */ = {isa = PBXFileReference; lastKnownFileType = sourcecode.c.h; path = XLGLRendererTransitionSimple.h; sourceTree = "<group>"; };
		9FE41D5220BF9E0B00C4DAB2 /* XLGLRendererTransitionSimple.m */ = {isa = PBXFileReference; lastKnownFileType = sourcecode.c.objc; path = XLGLRendererTransitionSimple.m; sourceTree = "<group>"; };
		9FE41D5420BF9E6100C4DAB2 /* XLGLRendererParticle.h */ = {isa = PBXFileReference; lastKnownFileType = sourcecode.c.h; path = XLGLRendererParticle.h; sourceTree = "<group>"; };
		9FE41D5520BF9E6100C4DAB2 /* XLGLRendererParticle.m */ = {isa = PBXFileReference; lastKnownFileType = sourcecode.c.objc; path = XLGLRendererParticle.m; sourceTree = "<group>"; };
		9FE41D5C20BFCE6E00C4DAB2 /* fishhook.c */ = {isa = PBXFileReference; fileEncoding = 4; lastKnownFileType = sourcecode.c.c; path = fishhook.c; sourceTree = "<group>"; };
		9FE41D5D20BFCE6E00C4DAB2 /* fishhook.h */ = {isa = PBXFileReference; fileEncoding = 4; lastKnownFileType = sourcecode.c.h; path = fishhook.h; sourceTree = "<group>"; };
		9FE41D5F20BFCE6E00C4DAB2 /* SDAVAssetExportSession.m */ = {isa = PBXFileReference; fileEncoding = 4; lastKnownFileType = sourcecode.c.objc; path = SDAVAssetExportSession.m; sourceTree = "<group>"; };
		9FE41D6020BFCE6E00C4DAB2 /* SDAVAssetExportSession.h */ = {isa = PBXFileReference; fileEncoding = 4; lastKnownFileType = sourcecode.c.h; path = SDAVAssetExportSession.h; sourceTree = "<group>"; };
		9FE41D7A20C015CF00C4DAB2 /* XLGLFramebuffer.h */ = {isa = PBXFileReference; lastKnownFileType = sourcecode.c.h; path = XLGLFramebuffer.h; sourceTree = "<group>"; };
		9FE41D7B20C015CF00C4DAB2 /* XLGLFramebuffer.m */ = {isa = PBXFileReference; lastKnownFileType = sourcecode.c.objc; path = XLGLFramebuffer.m; sourceTree = "<group>"; };
/* End PBXFileReference section */

/* Begin PBXFrameworksBuildPhase section */
		9F2E645420BC1FC1009FD015 /* Frameworks */ = {
			isa = PBXFrameworksBuildPhase;
			buildActionMask = 2147483647;
			files = (
			);
			runOnlyForDeploymentPostprocessing = 0;
		};
/* End PBXFrameworksBuildPhase section */

/* Begin PBXGroup section */
		9F2E644E20BC1FC1009FD015 = {
			isa = PBXGroup;
			children = (
				9F2E645920BC1FC1009FD015 /* XLVideoCore */,
				9F2E645820BC1FC1009FD015 /* Products */,
				9F2E64DA20BC6E8C009FD015 /* Frameworks */,
			);
			sourceTree = "<group>";
		};
		9F2E645820BC1FC1009FD015 /* Products */ = {
			isa = PBXGroup;
			children = (
				9F2E645720BC1FC1009FD015 /* libXLVideoCore.a */,
			);
			name = Products;
			sourceTree = "<group>";
		};
		9F2E645920BC1FC1009FD015 /* XLVideoCore */ = {
			isa = PBXGroup;
			children = (
				9F2E64AF20BC6AE2009FD015 /* Geometry */,
				9F2E64B420BC6AE3009FD015 /* Particle */,
				9F2E648F20BC21AF009FD015 /* 3rdparty */,
				9F2E645A20BC1FC1009FD015 /* XLVideoCore.h */,
				9F2E649420BC223D009FD015 /* XLScene.h */,
				9F2E649520BC223D009FD015 /* XLScene.m */,
				9F2E649720BC229B009FD015 /* XLVideoEditor.h */,
				9F2E649820BC229B009FD015 /* XLVideoEditor.m */,
				9F2E649A20BC22B7009FD015 /* XLVideoCompositor.h */,
				9F2E649B20BC22B7009FD015 /* XLVideoCompositor.m */,
				9F2E64EC20BCE017009FD015 /* XLVideoCompositorInstruction.h */,
				9F2E64ED20BCE017009FD015 /* XLVideoCompositorInstruction.m */,
				9FE41D4520BF972E00C4DAB2 /* XLGLContext.h */,
				9FE41D4620BF972E00C4DAB2 /* XLGLContext.m */,
				9FE41D4820BF97C300C4DAB2 /* XLGLProgram.h */,
				9FE41D4920BF97C300C4DAB2 /* XLGLProgram.m */,
				9FE41D7A20C015CF00C4DAB2 /* XLGLFramebuffer.h */,
				9FE41D7B20C015CF00C4DAB2 /* XLGLFramebuffer.m */,
				9FE41D5720BF9F9400C4DAB2 /* XLGLRenderer */,
				9F2E64A320BC22F7009FD015 /* XLTexturePool.h */,
				9F2E64A420BC22F7009FD015 /* XLTexturePool.m */,
			);
			path = XLVideoCore;
			sourceTree = "<group>";
		};
		9F2E648F20BC21AF009FD015 /* 3rdparty */ = {
			isa = PBXGroup;
			children = (
				9FE41D5B20BFCE6E00C4DAB2 /* fishhook */,
				9FE41D5E20BFCE6E00C4DAB2 /* SDAVAssetExportSession */,
				9F2E649020BC21AF009FD015 /* Tinyxml */,
			);
			path = 3rdparty;
			sourceTree = "<group>";
		};
		9F2E649020BC21AF009FD015 /* Tinyxml */ = {
			isa = PBXGroup;
			children = (
				9F2E649120BC21AF009FD015 /* tinyxml2.cpp */,
				9F2E649220BC21AF009FD015 /* tinyxml2.h */,
			);
			path = Tinyxml;
			sourceTree = "<group>";
		};
		9F2E64AF20BC6AE2009FD015 /* Geometry */ = {
			isa = PBXGroup;
			children = (
				9F2E64B020BC6AE2009FD015 /* ksMatrix.c */,
				9F2E64B120BC6AE2009FD015 /* ksVector.h */,
				9F2E64B220BC6AE2009FD015 /* ksMatrix.h */,
				9F2E64B320BC6AE2009FD015 /* ksVector.c */,
			);
			path = Geometry;
			sourceTree = "<group>";
		};
		9F2E64B420BC6AE3009FD015 /* Particle */ = {
			isa = PBXGroup;
			children = (
				9F2E64B520BC6AE3009FD015 /* Particle.cpp */,
				9F2E64B620BC6AE3009FD015 /* ParticleSystem.h */,
				9F2E64B720BC6AE3009FD015 /* ParticleEffect.h */,
				9F2E64B820BC6AE3009FD015 /* Math.cpp */,
				9F2E64B920BC6AE3009FD015 /* Random.cpp */,
				9F2E64BA20BC6AE3009FD015 /* ParticleSystem.cpp */,
				9F2E64BB20BC6AE3009FD015 /* Renderer.h */,
				9F2E64BC20BC6AE3009FD015 /* ParticleMemory.h */,
				9F2E64BD20BC6AE3009FD015 /* ParticleEffect.cpp */,
				9F2E64BE20BC6AE3009FD015 /* TextureManager.hpp */,
				9F2E64BF20BC6AE3009FD015 /* TextureManager.mm */,
				9F2E64C020BC6AE3009FD015 /* ParticleEmitter.h */,
				9F2E64C120BC6AE3009FD015 /* Common.h */,
				9F2E64C220BC6AE3009FD015 /* Particle.h */,
				9F2E64C320BC6AE3009FD015 /* Math.h */,
				9F2E64C420BC6AE3009FD015 /* ParticleDescription.h */,
				9F2E64C520BC6AE3009FD015 /* ParticleMemory.cpp */,
				9F2E64C620BC6AE3009FD015 /* Random.h */,
				9F2E64C720BC6AE3009FD015 /* ParticleEmitter.cpp */,
			);
			path = Particle;
			sourceTree = "<group>";
		};
		9F2E64DA20BC6E8C009FD015 /* Frameworks */ = {
			isa = PBXGroup;
			children = (
				9F2E64DB20BC6E8D009FD015 /* libc++.tbd */,
			);
			name = Frameworks;
			sourceTree = "<group>";
		};
		9FE41D5720BF9F9400C4DAB2 /* XLGLRenderer */ = {
			isa = PBXGroup;
			children = (
				9F2E64A020BC22DF009FD015 /* XLGLRendererComposition.h */,
				9F2E64A120BC22DF009FD015 /* XLGLRendererComposition.mm */,
				9FE41D4B20BF9D8000C4DAB2 /* XLGLRendererMain.h */,
				9FE41D4C20BF9D8000C4DAB2 /* XLGLRendererMain.m */,
				9FE41D4E20BF9DE100C4DAB2 /* XLGLRendererTransitionMask.h */,
				9FE41D4F20BF9DE100C4DAB2 /* XLGLRendererTransitionMask.m */,
				9FE41D5120BF9E0B00C4DAB2 /* XLGLRendererTransitionSimple.h */,
				9FE41D5220BF9E0B00C4DAB2 /* XLGLRendererTransitionSimple.m */,
				9FE41D5420BF9E6100C4DAB2 /* XLGLRendererParticle.h */,
				9FE41D5520BF9E6100C4DAB2 /* XLGLRendererParticle.m */,
			);
			path = XLGLRenderer;
			sourceTree = "<group>";
		};
		9FE41D5B20BFCE6E00C4DAB2 /* fishhook */ = {
			isa = PBXGroup;
			children = (
				9FE41D5C20BFCE6E00C4DAB2 /* fishhook.c */,
				9FE41D5D20BFCE6E00C4DAB2 /* fishhook.h */,
			);
			path = fishhook;
			sourceTree = "<group>";
		};
		9FE41D5E20BFCE6E00C4DAB2 /* SDAVAssetExportSession */ = {
			isa = PBXGroup;
			children = (
				9FE41D5F20BFCE6E00C4DAB2 /* SDAVAssetExportSession.m */,
				9FE41D6020BFCE6E00C4DAB2 /* SDAVAssetExportSession.h */,
			);
			path = SDAVAssetExportSession;
			sourceTree = "<group>";
		};
/* End PBXGroup section */

/* Begin PBXNativeTarget section */
		9F2E645620BC1FC1009FD015 /* XLVideoCore */ = {
			isa = PBXNativeTarget;
			buildConfigurationList = 9F2E646020BC1FC1009FD015 /* Build configuration list for PBXNativeTarget "XLVideoCore" */;
			buildPhases = (
				9F2E645320BC1FC1009FD015 /* Sources */,
				9F2E645420BC1FC1009FD015 /* Frameworks */,
				9F2E645520BC1FC1009FD015 /* CopyFiles */,
			);
			buildRules = (
			);
			dependencies = (
			);
			name = XLVideoCore;
			productName = XLVideoCore;
			productReference = 9F2E645720BC1FC1009FD015 /* libXLVideoCore.a */;
			productType = "com.apple.product-type.library.static";
		};
/* End PBXNativeTarget section */

/* Begin PBXProject section */
		9F2E644F20BC1FC1009FD015 /* Project object */ = {
			isa = PBXProject;
			attributes = {
				CLASSPREFIX = XL;
				LastUpgradeCheck = 0930;
				ORGANIZATIONNAME = Solaren;
				TargetAttributes = {
					9F2E645620BC1FC1009FD015 = {
						CreatedOnToolsVersion = 9.3;
					};
				};
			};
			buildConfigurationList = 9F2E645220BC1FC1009FD015 /* Build configuration list for PBXProject "XLVideoCore" */;
			compatibilityVersion = "Xcode 9.3";
			developmentRegion = en;
			hasScannedForEncodings = 0;
			knownRegions = (
				en,
			);
			mainGroup = 9F2E644E20BC1FC1009FD015;
			productRefGroup = 9F2E645820BC1FC1009FD015 /* Products */;
			projectDirPath = "";
			projectRoot = "";
			targets = (
				9F2E645620BC1FC1009FD015 /* XLVideoCore */,
			);
		};
/* End PBXProject section */

/* Begin PBXSourcesBuildPhase section */
		9F2E645320BC1FC1009FD015 /* Sources */ = {
			isa = PBXSourcesBuildPhase;
			buildActionMask = 2147483647;
			files = (
				9FE41D5320BF9E0B00C4DAB2 /* XLGLRendererTransitionSimple.m in Sources */,
				9F2E649920BC229B009FD015 /* XLVideoEditor.m in Sources */,
				9F2E64CA20BC6AE3009FD015 /* Particle.cpp in Sources */,
				9F2E64D020BC6AE3009FD015 /* ParticleMemory.cpp in Sources */,
				9F2E64CD20BC6AE3009FD015 /* ParticleSystem.cpp in Sources */,
				9F2E64A520BC22F7009FD015 /* XLTexturePool.m in Sources */,
				9F2E64CB20BC6AE3009FD015 /* Math.cpp in Sources */,
				9F2E64CF20BC6AE3009FD015 /* TextureManager.mm in Sources */,
				9F2E64CE20BC6AE3009FD015 /* ParticleEffect.cpp in Sources */,
				9F2E649C20BC22B7009FD015 /* XLVideoCompositor.m in Sources */,
				9F2E649320BC21AF009FD015 /* tinyxml2.cpp in Sources */,
				9F2E649620BC223D009FD015 /* XLScene.m in Sources */,
				9F2E64A220BC22DF009FD015 /* XLGLRendererComposition.mm in Sources */,
				9F2E64EE20BCE017009FD015 /* XLVideoCompositorInstruction.m in Sources */,
				9FE41D7C20C015CF00C4DAB2 /* XLGLFramebuffer.m in Sources */,
				9FE41D4A20BF97C300C4DAB2 /* XLGLProgram.m in Sources */,
				9FE41D6220BFCE6E00C4DAB2 /* SDAVAssetExportSession.m in Sources */,
				9F2E64CC20BC6AE3009FD015 /* Random.cpp in Sources */,
				9FE41D4720BF972E00C4DAB2 /* XLGLContext.m in Sources */,
				9FE41D4D20BF9D8000C4DAB2 /* XLGLRendererMain.m in Sources */,
				9F2E64C920BC6AE3009FD015 /* ksVector.c in Sources */,
				9F2E64D120BC6AE3009FD015 /* ParticleEmitter.cpp in Sources */,
				9FE41D5020BF9DE100C4DAB2 /* XLGLRendererTransitionMask.m in Sources */,
				9F2E64C820BC6AE3009FD015 /* ksMatrix.c in Sources */,
				9FE41D6120BFCE6E00C4DAB2 /* fishhook.c in Sources */,
				9FE41D5620BF9E6100C4DAB2 /* XLGLRendererParticle.m in Sources */,
			);
			runOnlyForDeploymentPostprocessing = 0;
		};
/* End PBXSourcesBuildPhase section */

/* Begin XCBuildConfiguration section */
		9F2E645E20BC1FC1009FD015 /* Debug */ = {
			isa = XCBuildConfiguration;
			buildSettings = {
				ALWAYS_SEARCH_USER_PATHS = NO;
				CLANG_ANALYZER_NONNULL = YES;
				CLANG_ANALYZER_NUMBER_OBJECT_CONVERSION = YES_AGGRESSIVE;
				CLANG_CXX_LANGUAGE_STANDARD = "gnu++14";
				CLANG_CXX_LIBRARY = "libc++";
				CLANG_ENABLE_MODULES = YES;
				CLANG_ENABLE_OBJC_ARC = YES;
				CLANG_ENABLE_OBJC_WEAK = YES;
				CLANG_WARN_BLOCK_CAPTURE_AUTORELEASING = YES;
				CLANG_WARN_BOOL_CONVERSION = YES;
				CLANG_WARN_COMMA = YES;
				CLANG_WARN_CONSTANT_CONVERSION = YES;
				CLANG_WARN_DEPRECATED_OBJC_IMPLEMENTATIONS = YES;
				CLANG_WARN_DIRECT_OBJC_ISA_USAGE = YES_ERROR;
				CLANG_WARN_DOCUMENTATION_COMMENTS = YES;
				CLANG_WARN_EMPTY_BODY = YES;
				CLANG_WARN_ENUM_CONVERSION = YES;
				CLANG_WARN_INFINITE_RECURSION = YES;
				CLANG_WARN_INT_CONVERSION = YES;
				CLANG_WARN_NON_LITERAL_NULL_CONVERSION = YES;
				CLANG_WARN_OBJC_IMPLICIT_RETAIN_SELF = YES;
				CLANG_WARN_OBJC_LITERAL_CONVERSION = YES;
				CLANG_WARN_OBJC_ROOT_CLASS = YES_ERROR;
				CLANG_WARN_RANGE_LOOP_ANALYSIS = YES;
				CLANG_WARN_STRICT_PROTOTYPES = YES;
				CLANG_WARN_SUSPICIOUS_MOVE = YES;
				CLANG_WARN_UNGUARDED_AVAILABILITY = YES_AGGRESSIVE;
				CLANG_WARN_UNREACHABLE_CODE = YES;
				CLANG_WARN__DUPLICATE_METHOD_MATCH = YES;
				CODE_SIGN_IDENTITY = "iPhone Developer";
				COPY_PHASE_STRIP = NO;
				DEBUG_INFORMATION_FORMAT = dwarf;
				ENABLE_STRICT_OBJC_MSGSEND = YES;
				ENABLE_TESTABILITY = YES;
				GCC_C_LANGUAGE_STANDARD = gnu11;
				GCC_DYNAMIC_NO_PIC = NO;
				GCC_NO_COMMON_BLOCKS = YES;
				GCC_OPTIMIZATION_LEVEL = 0;
				GCC_PREPROCESSOR_DEFINITIONS = (
					"DEBUG=1",
					"$(inherited)",
				);
				GCC_WARN_64_TO_32_BIT_CONVERSION = YES;
				GCC_WARN_ABOUT_RETURN_TYPE = YES_ERROR;
				GCC_WARN_UNDECLARED_SELECTOR = YES;
				GCC_WARN_UNINITIALIZED_AUTOS = YES_AGGRESSIVE;
				GCC_WARN_UNUSED_FUNCTION = YES;
				GCC_WARN_UNUSED_VARIABLE = YES;
				IPHONEOS_DEPLOYMENT_TARGET = 11.3;
				MTL_ENABLE_DEBUG_INFO = YES;
				ONLY_ACTIVE_ARCH = YES;
				SDKROOT = iphoneos;
			};
			name = Debug;
		};
		9F2E645F20BC1FC1009FD015 /* Release */ = {
			isa = XCBuildConfiguration;
			buildSettings = {
				ALWAYS_SEARCH_USER_PATHS = NO;
				CLANG_ANALYZER_NONNULL = YES;
				CLANG_ANALYZER_NUMBER_OBJECT_CONVERSION = YES_AGGRESSIVE;
				CLANG_CXX_LANGUAGE_STANDARD = "gnu++14";
				CLANG_CXX_LIBRARY = "libc++";
				CLANG_ENABLE_MODULES = YES;
				CLANG_ENABLE_OBJC_ARC = YES;
				CLANG_ENABLE_OBJC_WEAK = YES;
				CLANG_WARN_BLOCK_CAPTURE_AUTORELEASING = YES;
				CLANG_WARN_BOOL_CONVERSION = YES;
				CLANG_WARN_COMMA = YES;
				CLANG_WARN_CONSTANT_CONVERSION = YES;
				CLANG_WARN_DEPRECATED_OBJC_IMPLEMENTATIONS = YES;
				CLANG_WARN_DIRECT_OBJC_ISA_USAGE = YES_ERROR;
				CLANG_WARN_DOCUMENTATION_COMMENTS = YES;
				CLANG_WARN_EMPTY_BODY = YES;
				CLANG_WARN_ENUM_CONVERSION = YES;
				CLANG_WARN_INFINITE_RECURSION = YES;
				CLANG_WARN_INT_CONVERSION = YES;
				CLANG_WARN_NON_LITERAL_NULL_CONVERSION = YES;
				CLANG_WARN_OBJC_IMPLICIT_RETAIN_SELF = YES;
				CLANG_WARN_OBJC_LITERAL_CONVERSION = YES;
				CLANG_WARN_OBJC_ROOT_CLASS = YES_ERROR;
				CLANG_WARN_RANGE_LOOP_ANALYSIS = YES;
				CLANG_WARN_STRICT_PROTOTYPES = YES;
				CLANG_WARN_SUSPICIOUS_MOVE = YES;
				CLANG_WARN_UNGUARDED_AVAILABILITY = YES_AGGRESSIVE;
				CLANG_WARN_UNREACHABLE_CODE = YES;
				CLANG_WARN__DUPLICATE_METHOD_MATCH = YES;
				CODE_SIGN_IDENTITY = "iPhone Developer";
				COPY_PHASE_STRIP = NO;
				DEBUG_INFORMATION_FORMAT = "dwarf-with-dsym";
				ENABLE_NS_ASSERTIONS = NO;
				ENABLE_STRICT_OBJC_MSGSEND = YES;
				GCC_C_LANGUAGE_STANDARD = gnu11;
				GCC_NO_COMMON_BLOCKS = YES;
				GCC_WARN_64_TO_32_BIT_CONVERSION = YES;
				GCC_WARN_ABOUT_RETURN_TYPE = YES_ERROR;
				GCC_WARN_UNDECLARED_SELECTOR = YES;
				GCC_WARN_UNINITIALIZED_AUTOS = YES_AGGRESSIVE;
				GCC_WARN_UNUSED_FUNCTION = YES;
				GCC_WARN_UNUSED_VARIABLE = YES;
				IPHONEOS_DEPLOYMENT_TARGET = 11.3;
				MTL_ENABLE_DEBUG_INFO = NO;
				SDKROOT = iphoneos;
				VALIDATE_PRODUCT = YES;
			};
			name = Release;
		};
		9F2E646120BC1FC1009FD015 /* Debug */ = {
			isa = XCBuildConfiguration;
			buildSettings = {
				CODE_SIGN_STYLE = Automatic;
				DEVELOPMENT_TEAM = YL49D2HU6K;
				OTHER_LDFLAGS = "-ObjC";
				PRODUCT_NAME = "$(TARGET_NAME)";
				SKIP_INSTALL = YES;
				TARGETED_DEVICE_FAMILY = "1,2";
			};
			name = Debug;
		};
		9F2E646220BC1FC1009FD015 /* Release */ = {
			isa = XCBuildConfiguration;
			buildSettings = {
				CODE_SIGN_STYLE = Automatic;
				DEVELOPMENT_TEAM = YL49D2HU6K;
				OTHER_LDFLAGS = "-ObjC";
				PRODUCT_NAME = "$(TARGET_NAME)";
				SKIP_INSTALL = YES;
				TARGETED_DEVICE_FAMILY = "1,2";
			};
			name = Release;
		};
/* End XCBuildConfiguration section */

/* Begin XCConfigurationList section */
		9F2E645220BC1FC1009FD015 /* Build configuration list for PBXProject "XLVideoCore" */ = {
			isa = XCConfigurationList;
			buildConfigurations = (
				9F2E645E20BC1FC1009FD015 /* Debug */,
				9F2E645F20BC1FC1009FD015 /* Release */,
			);
			defaultConfigurationIsVisible = 0;
			defaultConfigurationName = Release;
		};
		9F2E646020BC1FC1009FD015 /* Build configuration list for PBXNativeTarget "XLVideoCore" */ = {
			isa = XCConfigurationList;
			buildConfigurations = (
				9F2E646120BC1FC1009FD015 /* Debug */,
				9F2E646220BC1FC1009FD015 /* Release */,
			);
			defaultConfigurationIsVisible = 0;
			defaultConfigurationName = Release;
		};
/* End XCConfigurationList section */
	};
	rootObject = 9F2E644F20BC1FC1009FD015 /* Project object */;
}
